
Microsoft Visual Studio Solution File, Format Version 12.00
# Visual Studio 2012
Project("{FAE04EC0-301F-11D3-BF4B-00C04F79EFBC}") = "Lab1Serialization", "Lab1Serialization\Lab1Serialization.csproj", "{A14DCA7A-E367-4B71-A43A-D9D7AC212C0C}"
EndProject
Global
	GlobalSection(SolutionConfigurationPlatforms) = preSolution
		Debug|Any CPU = Debug|Any CPU
		Release|Any CPU = Release|Any CPU
	EndGlobalSection
	GlobalSection(ProjectConfigurationPlatforms) = postSolution
		{A14DCA7A-E367-4B71-A43A-D9D7AC212C0C}.Debug|Any CPU.ActiveCfg = Debug|Any CPU
		{A14DCA7A-E367-4B71-A43A-D9D7AC212C0C}.Debug|Any CPU.Build.0 = Debug|Any CPU
		{A14DCA7A-E367-4B71-A43A-D9D7AC212C0C}.Release|Any CPU.ActiveCfg = Release|Any CPU
		{A14DCA7A-E367-4B71-A43A-D9D7AC212C0C}.Release|Any CPU.Build.0 = Release|Any CPU
	EndGlobalSection
	GlobalSection(SolutionProperties) = preSolution
		HideSolutionNode = FALSE
	EndGlobalSection
EndGlobal
